PODS:
  - Alamofire (4.8.2)
  - DatePickerDialog (3.0)
  - FittedSheets (1.4.5)
  - SDWebImage (5.5.2):
    - SDWebImage/Core (= 5.5.2)
  - SDWebImage/Core (5.5.2)
  - SkyFloatingLabelTextField (3.8.0)

DEPENDENCIES:
  - Alamofire (~> 4.8.0)
  - DatePickerDialog
  - FittedSheets
  - SDWebImage
  - SkyFloatingLabelTextField

SPEC REPOS:
  trunk:
    - Alamofire
    - DatePickerDialog
    - FittedSheets
    - SDWebImage
    - SkyFloatingLabelTextField

SPEC CHECKSUMS:
  Alamofire: ae5c501addb7afdbb13687d7f2f722c78734c2d3
  DatePickerDialog: 03dbb8350bfa80302ab2a8c83cee1fec70184444
  FittedSheets: 7f754c9f6fb4ea330cbc57c652b594255f2a6819
  SDWebImage: 4d5c027c935438f341ed33dbac53ff9f479922ca
  SkyFloatingLabelTextField: 5a338412114808e961fe2d14ea2c5452c8b6e4aa

PODFILE CHECKSUM: ca2f85e896597ef2c4b49441386243bece5f6d86

COCOAPODS: 1.8.4
